{
  "nodes": {
    "elisp-helpers": {
      "flake": false,
      "locked": {
        "lastModified": 1665027644,
        "narHash": "sha256-S55qcQBNZcwA2UKRd3Xxv+T9liuWNiGhi2u0GvzYoeo=",
        "owner": "emacs-twist",
        "repo": "elisp-helpers",
        "rev": "f3ff71386581b89eff58074ec7080c7326a17dca",
        "type": "github"
      },
      "original": {
        "owner": "emacs-twist",
        "repo": "elisp-helpers",
        "type": "github"
      }
    },
    "elsa": {
      "flake": false,
      "locked": {
        "lastModified": 1645647680,
        "narHash": "sha256-uEX4T4VAIBiiSUfLXko/mxOghlz794GgVfD21jqJ3F0=",
        "owner": "emacs-elsa",
        "repo": "Elsa",
        "rev": "21ed4f46e2d02ffb48b3ae377b0c93732ccf3f4f",
        "type": "github"
      },
      "original": {
        "owner": "emacs-elsa",
        "repo": "Elsa",
        "type": "github"
      }
    },
    "emacs": {
      "flake": false,
      "locked": {
        "lastModified": 1667079884,
        "narHash": "sha256-ncjIxj747poPaM9WGQPVZG88Xy+92kJy+lzdWmzqJy4=",
        "owner": "emacs-mirror",
        "repo": "emacs",
        "rev": "1d62c964238a82ccfcbd07a554abe8e6c096fcd5",
        "type": "github"
      },
      "original": {
        "owner": "emacs-mirror",
        "repo": "emacs",
        "type": "github"
      }
    },
    "emacs-ci": {
      "flake": false,
      "locked": {
        "lastModified": 1665753430,
        "narHash": "sha256-u3URCMjRV8XnqhL4Dic8SAarom2JOtEmL1oCqB1hqiY=",
        "owner": "purcell",
        "repo": "nix-emacs-ci",
        "rev": "c77015eb14b711fcfa33fbe324cd539636ebf220",
        "type": "github"
      },
      "original": {
        "owner": "purcell",
        "repo": "nix-emacs-ci",
        "type": "github"
      }
    },
    "epkgs": {
      "flake": false,
      "locked": {
        "lastModified": 1666736787,
        "narHash": "sha256-VZk7ETvUGHShRUf6aGfuvtVQs2a44h66FsV1E9B7vlE=",
        "owner": "emacsmirror",
        "repo": "epkgs",
        "rev": "0dfe3d48debf7ab82fa362bc620e1d72e89eb0cf",
        "type": "github"
      },
      "original": {
        "owner": "emacsmirror",
        "repo": "epkgs",
        "type": "github"
      }
    },
    "flake-utils": {
      "locked": {
        "lastModified": 1659877975,
        "narHash": "sha256-zllb8aq3YO3h8B/U0/J1WBgAL8EX5yWf5pMj3G0NAmc=",
        "owner": "numtide",
        "repo": "flake-utils",
        "rev": "c0e246b9b83f637f4681389ecabcb2681b4f3af0",
        "type": "github"
      },
      "original": {
        "owner": "numtide",
        "repo": "flake-utils",
        "type": "github"
      }
    },
    "fromElisp": {
      "flake": false,
      "locked": {
        "lastModified": 1649625973,
        "narHash": "sha256-y/7IsibjBGY3uUN9K/VMKPTVAbgsV0Xdi8Hnv6Nq76E=",
        "owner": "talyz",
        "repo": "fromElisp",
        "rev": "edd1301d1fc35440ae6c918ca92039233e3d770f",
        "type": "github"
      },
      "original": {
        "owner": "talyz",
        "repo": "fromElisp",
        "type": "github"
      }
    },
    "gitignore": {
      "inputs": {
        "nixpkgs": [
          "nomake",
          "nixpkgs"
        ]
      },
      "locked": {
        "lastModified": 1660459072,
        "narHash": "sha256-8DFJjXG8zqoONA1vXtgeKXy68KdJL5UaXR8NtVMUbx8=",
        "owner": "hercules-ci",
        "repo": "gitignore.nix",
        "rev": "a20de23b925fd8264fd7fad6454652e142fd7f73",
        "type": "github"
      },
      "original": {
        "owner": "hercules-ci",
        "repo": "gitignore.nix",
        "type": "github"
      }
    },
    "gnu-elpa": {
      "flake": false,
      "locked": {
        "lastModified": 1667066421,
        "narHash": "sha256-QVBbKBHTaxb7LgTzGqvbm09T8VW6yMY+UEa0Eem3jok=",
        "ref": "main",
        "rev": "18de3e1b6bdbbf2c5ceb271368d453c357f3adc1",
        "revCount": 449,
        "type": "git",
        "url": "https://git.savannah.gnu.org/git/emacs/elpa.git"
      },
      "original": {
        "ref": "main",
        "type": "git",
        "url": "https://git.savannah.gnu.org/git/emacs/elpa.git"
      }
    },
    "melpa": {
      "flake": false,
      "locked": {
        "lastModified": 1667101754,
        "narHash": "sha256-1XdvpvmPq29q9vgSd6UogGFvlYb+stZU6vmIGLcJxLQ=",
        "owner": "akirak",
        "repo": "melpa",
        "rev": "99d41ce21bd4f805696a5f90597fe251fd6f4931",
        "type": "github"
      },
      "original": {
        "owner": "akirak",
        "ref": "workbox",
        "repo": "melpa",
        "type": "github"
      }
    },
    "nixpkgs": {
      "locked": {
        "lastModified": 0,
        "narHash": "sha256-Ctij+dOi0ZZIfX5eMhgwugfvB+WZSrvVNAyAuANOsnQ=",
        "path": "/nix/store/m2vv0bxfchzrjngx8wi0i7dhzb9q2g50-source",
        "type": "path"
      },
      "original": {
        "id": "nixpkgs",
        "type": "indirect"
      }
    },
    "nomake": {
      "inputs": {
        "elsa": "elsa",
        "emacs": [
          "emacs"
        ],
        "emacs-ci": "emacs-ci",
        "epkgs": [
          "epkgs"
        ],
        "flake-utils": "flake-utils",
        "gitignore": "gitignore",
        "gnu-elpa": [
          "gnu-elpa"
        ],
        "melpa": [
          "melpa"
        ],
        "nixpkgs": "nixpkgs",
        "package-lint": "package-lint",
        "twist": "twist"
      },
      "locked": {
        "lastModified": 1666149798,
        "narHash": "sha256-b+tjlfMWKcB2NpDKBV1yTx6u4ifsasoIV1WY34q13oI=",
        "owner": "emacs-twist",
        "repo": "nomake",
        "rev": "7d47d3f06d0ccaca3b242f05d809cdb9233d4f93",
        "type": "github"
      },
      "original": {
        "owner": "emacs-twist",
        "repo": "nomake",
        "type": "github"
      }
    },
    "package-lint": {
      "flake": false,
      "locked": {
        "lastModified": 1664814981,
        "narHash": "sha256-5uza8wm6XKZUnLTp+vLOInTfUnGVGTWF4Dl0b8a72mA=",
        "owner": "purcell",
        "repo": "package-lint",
        "rev": "4ea8318c1bf79ccb1b4658d58917bbd9f990c432",
        "type": "github"
      },
      "original": {
        "owner": "purcell",
        "repo": "package-lint",
        "type": "github"
      }
    },
    "root": {
      "inputs": {
        "emacs": "emacs",
        "epkgs": "epkgs",
        "gnu-elpa": "gnu-elpa",
        "melpa": "melpa",
        "nomake": "nomake"
      }
    },
    "twist": {
      "inputs": {
        "elisp-helpers": "elisp-helpers",
        "fromElisp": "fromElisp"
      },
      "locked": {
        "lastModified": 1665760897,
        "narHash": "sha256-pxzGRzlFaFnUiMFmxqxVagQcyRJvmZAGFTq8ufKjmlM=",
        "owner": "emacs-twist",
        "repo": "twist.nix",
        "rev": "c0813917e0c6e1a8f3c5315efdf0a19347747081",
        "type": "github"
      },
      "original": {
        "owner": "emacs-twist",
        "repo": "twist.nix",
        "type": "github"
      }
    }
  },
  "root": "root",
  "version": 7
}
