{
  "nodes": {
    "hercules": {
      "flake": false,
      "locked": {
        "lastModified": 1587368874,
        "narHash": "sha256-TLdEd9J3HADBuls12fP2e2XYkGGbnMzbAVUiOWE+4+Y=",
        "owner": "wurosh",
        "repo": "hercules",
        "rev": "557da39878d0637395fdded91243b340c37eff7b",
        "type": "github"
      },
      "original": {
        "owner": "wurosh",
        "repo": "hercules",
        "type": "github"
      }
    },
    "project-hercules": {
      "flake": false,
      "locked": {
        "lastModified": 1644973503,
        "narHash": "sha256-1AZllb7Znm01kXOtlOf1/JtYRXlk/WEKvU6jKSU2pgs=",
        "owner": "akirak",
        "repo": "project-hercules.el",
        "rev": "c7999196ca98ccc5c946ed8342873ea288d518d5",
        "type": "github"
      },
      "original": {
        "owner": "akirak",
        "repo": "project-hercules.el",
        "type": "github"
      }
    },
    "root": {
      "inputs": {
        "hercules": "hercules",
        "project-hercules": "project-hercules",
        "which-key": "which-key"
      }
    },
    "which-key": {
      "flake": false,
      "locked": {
        "lastModified": 1644862712,
        "narHash": "sha256-flWyRfYc7jl0rmCok1jc9ktCnVNmj+RrI/3k8X+uBV4=",
        "owner": "justbur",
        "repo": "emacs-which-key",
        "rev": "1217db8c6356659e67b35dedd9f5f260c06f6e99",
        "type": "github"
      },
      "original": {
        "owner": "justbur",
        "repo": "emacs-which-key",
        "type": "github"
      }
    }
  },
  "root": "root",
  "version": 7
}
